
Microsoft Visual Studio Solution File, Format Version 12.00
# Visual Studio Version 16
VisualStudioVersion = 16.0.33130.400
MinimumVisualStudioVersion = 10.0.40219.1
Project("{FAE04EC0-301F-11D3-BF4B-00C04F79EFBC}") = "OOP_Assignment_5-4", "OOP_Assignment_5-4\OOP_Assignment_5-4.csproj", "{04E8A170-155F-43B2-8CDA-E02675F0CF23}"
EndProject
Global
	GlobalSection(SolutionConfigurationPlatforms) = preSolution
		Debug|Any CPU = Debug|Any CPU
		Release|Any CPU = Release|Any CPU
	EndGlobalSection
	GlobalSection(ProjectConfigurationPlatforms) = postSolution
		{04E8A170-155F-43B2-8CDA-E02675F0CF23}.Debug|Any CPU.ActiveCfg = Debug|Any CPU
		{04E8A170-155F-43B2-8CDA-E02675F0CF23}.Debug|Any CPU.Build.0 = Debug|Any CPU
		{04E8A170-155F-43B2-8CDA-E02675F0CF23}.Release|Any CPU.ActiveCfg = Release|Any CPU
		{04E8A170-155F-43B2-8CDA-E02675F0CF23}.Release|Any CPU.Build.0 = Release|Any CPU
	EndGlobalSection
	GlobalSection(SolutionProperties) = preSolution
		HideSolutionNode = FALSE
	EndGlobalSection
	GlobalSection(ExtensibilityGlobals) = postSolution
		SolutionGuid = {188F8D20-6990-4CAA-953E-45B351B8C76F}
	EndGlobalSection
EndGlobal
