
Microsoft Visual Studio Solution File, Format Version 12.00
# Visual Studio Version 16
VisualStudioVersion = 16.0.33130.400
MinimumVisualStudioVersion = 10.0.40219.1
Project("{FAE04EC0-301F-11D3-BF4B-00C04F79EFBC}") = "OOP_Assignment_5-6", "OOP_Assignment_5-6\OOP_Assignment_5-6.csproj", "{32ACE5E3-4150-45D7-918B-D0A1E65C3530}"
EndProject
Global
	GlobalSection(SolutionConfigurationPlatforms) = preSolution
		Debug|Any CPU = Debug|Any CPU
		Release|Any CPU = Release|Any CPU
	EndGlobalSection
	GlobalSection(ProjectConfigurationPlatforms) = postSolution
		{32ACE5E3-4150-45D7-918B-D0A1E65C3530}.Debug|Any CPU.ActiveCfg = Debug|Any CPU
		{32ACE5E3-4150-45D7-918B-D0A1E65C3530}.Debug|Any CPU.Build.0 = Debug|Any CPU
		{32ACE5E3-4150-45D7-918B-D0A1E65C3530}.Release|Any CPU.ActiveCfg = Release|Any CPU
		{32ACE5E3-4150-45D7-918B-D0A1E65C3530}.Release|Any CPU.Build.0 = Release|Any CPU
	EndGlobalSection
	GlobalSection(SolutionProperties) = preSolution
		HideSolutionNode = FALSE
	EndGlobalSection
	GlobalSection(ExtensibilityGlobals) = postSolution
		SolutionGuid = {F7198343-EA89-446B-B1EA-8E5CC38E046F}
	EndGlobalSection
EndGlobal
