
Microsoft Visual Studio Solution File, Format Version 12.00
# Visual Studio Version 16
VisualStudioVersion = 16.0.33214.272
MinimumVisualStudioVersion = 10.0.40219.1
Project("{9A19103F-16F7-4668-BE54-9A1E7A4F7556}") = "RollOffWebAPI", "RollOffWebAPI\RollOffWebAPI.csproj", "{45385D9E-9FD4-4FBE-922C-8B2F2FD76136}"
EndProject
Project("{9A19103F-16F7-4668-BE54-9A1E7A4F7556}") = "RollOff", "..\RollOff\RollOff\RollOff.csproj", "{FA1F7D86-2C19-4CC2-9484-B75203C00C5E}"
EndProject
Project("{FAE04EC0-301F-11D3-BF4B-00C04F79EFBC}") = "FrontEnd", "FrontEnd\FrontEnd.csproj", "{EDA7A77A-BA1E-4FD0-9A14-9D0373632830}"
EndProject
Global
	GlobalSection(SolutionConfigurationPlatforms) = preSolution
		Debug|Any CPU = Debug|Any CPU
		Release|Any CPU = Release|Any CPU
	EndGlobalSection
	GlobalSection(ProjectConfigurationPlatforms) = postSolution
		{45385D9E-9FD4-4FBE-922C-8B2F2FD76136}.Debug|Any CPU.ActiveCfg = Debug|Any CPU
		{45385D9E-9FD4-4FBE-922C-8B2F2FD76136}.Debug|Any CPU.Build.0 = Debug|Any CPU
		{45385D9E-9FD4-4FBE-922C-8B2F2FD76136}.Release|Any CPU.ActiveCfg = Release|Any CPU
		{45385D9E-9FD4-4FBE-922C-8B2F2FD76136}.Release|Any CPU.Build.0 = Release|Any CPU
		{FA1F7D86-2C19-4CC2-9484-B75203C00C5E}.Debug|Any CPU.ActiveCfg = Debug|Any CPU
		{FA1F7D86-2C19-4CC2-9484-B75203C00C5E}.Debug|Any CPU.Build.0 = Debug|Any CPU
		{FA1F7D86-2C19-4CC2-9484-B75203C00C5E}.Release|Any CPU.ActiveCfg = Release|Any CPU
		{FA1F7D86-2C19-4CC2-9484-B75203C00C5E}.Release|Any CPU.Build.0 = Release|Any CPU
		{EDA7A77A-BA1E-4FD0-9A14-9D0373632830}.Debug|Any CPU.ActiveCfg = Debug|Any CPU
		{EDA7A77A-BA1E-4FD0-9A14-9D0373632830}.Debug|Any CPU.Build.0 = Debug|Any CPU
		{EDA7A77A-BA1E-4FD0-9A14-9D0373632830}.Release|Any CPU.ActiveCfg = Release|Any CPU
		{EDA7A77A-BA1E-4FD0-9A14-9D0373632830}.Release|Any CPU.Build.0 = Release|Any CPU
	EndGlobalSection
	GlobalSection(SolutionProperties) = preSolution
		HideSolutionNode = FALSE
	EndGlobalSection
	GlobalSection(ExtensibilityGlobals) = postSolution
		SolutionGuid = {E49B601E-54EB-4503-93B7-4656BFA0F752}
	EndGlobalSection
EndGlobal
